// !$*UTF8*$!
{
	archiveVersion = 1;
	classes = {
	};
	objectVersion = 46;
	objects = {

/* Begin PBXBuildFile section */
		021B94651B20CECA00F12DDA /* XCCOperationsViewController.m in Sources */ = {isa = PBXBuildFile; fileRef = 021B94641B20CECA00F12DDA /* XCCOperationsViewController.m */; };
		021B94671B20D1F800F12DDA /* OperationsView.xib in Resources */ = {isa = PBXBuildFile; fileRef = 021B94661B20D1F800F12DDA /* OperationsView.xib */; };
		0247DCC11B17DDC400192FEF /* open-in-editor.png in Resources */ = {isa = PBXBuildFile; fileRef = 0247DCC01B17DDC400192FEF /* open-in-editor.png */; };
		0247DCC41B17DDDD00192FEF /* run.png in Resources */ = {isa = PBXBuildFile; fileRef = 0247DCC21B17DDDD00192FEF /* run.png */; };
		0247DCC51B17DDDD00192FEF /* stop.png in Resources */ = {isa = PBXBuildFile; fileRef = 0247DCC31B17DDDD00192FEF /* stop.png */; };
		0247DCC71B17DF2400192FEF /* resync.png in Resources */ = {isa = PBXBuildFile; fileRef = 0247DCC61B17DF2400192FEF /* resync.png */; };
		0255B8401B1F71FB000CA4BC /* AppDelegate.m in Sources */ = {isa = PBXBuildFile; fileRef = 0255B83F1B1F71FB000CA4BC /* AppDelegate.m */; };
		0255B8531B1F7983000CA4BC /* status-icon-error.png in Resources */ = {isa = PBXBuildFile; fileRef = 0255B84D1B1F7983000CA4BC /* status-icon-error.png */; };
		0255B8541B1F7983000CA4BC /* status-icon-error@2x.png in Resources */ = {isa = PBXBuildFile; fileRef = 0255B84E1B1F7983000CA4BC /* status-icon-error@2x.png */; };
		0255B8551B1F7983000CA4BC /* status-icon-inactive.png in Resources */ = {isa = PBXBuildFile; fileRef = 0255B84F1B1F7983000CA4BC /* status-icon-inactive.png */; };
		0255B8561B1F7983000CA4BC /* status-icon-inactive@2x.png in Resources */ = {isa = PBXBuildFile; fileRef = 0255B8501B1F7983000CA4BC /* status-icon-inactive@2x.png */; };
		0255B8571B1F7983000CA4BC /* status-icon-working.png in Resources */ = {isa = PBXBuildFile; fileRef = 0255B8511B1F7983000CA4BC /* status-icon-working.png */; };
		0255B8581B1F7983000CA4BC /* status-icon-working@2x.png in Resources */ = {isa = PBXBuildFile; fileRef = 0255B8521B1F7983000CA4BC /* status-icon-working@2x.png */; };
		0258003C1B1E1C470000EB7D /* NSMutableArray+moveIndexes.m in Sources */ = {isa = PBXBuildFile; fileRef = 0258003B1B1E1C470000EB7D /* NSMutableArray+moveIndexes.m */; };
		0258003F1B1E29620000EB7D /* open-in-finder.png in Resources */ = {isa = PBXBuildFile; fileRef = 0258003D1B1E29620000EB7D /* open-in-finder.png */; };
		025800401B1E29620000EB7D /* open-in-xcode.png in Resources */ = {isa = PBXBuildFile; fileRef = 0258003E1B1E29620000EB7D /* open-in-xcode.png */; };
		025800421B1E30DD0000EB7D /* open-in-terminal.png in Resources */ = {isa = PBXBuildFile; fileRef = 025800411B1E30DD0000EB7D /* open-in-terminal.png */; };
		025800451B1E3F010000EB7D /* XCCAbstractOperation.m in Sources */ = {isa = PBXBuildFile; fileRef = 025800441B1E3F010000EB7D /* XCCAbstractOperation.m */; };
		025800471B1E58A00000EB7D /* Icon.icns in Resources */ = {isa = PBXBuildFile; fileRef = 025800461B1E58A00000EB7D /* Icon.icns */; };
		025800491B1E58DF0000EB7D /* icon_512x512.png in Resources */ = {isa = PBXBuildFile; fileRef = 025800481B1E58DF0000EB7D /* icon_512x512.png */; };
		0258004B1B1E67090000EB7D /* supawhich in Resources */ = {isa = PBXBuildFile; fileRef = 0258004A1B1E67090000EB7D /* supawhich */; };
		0258004C1B1E67770000EB7D /* supawhich in CopyFiles */ = {isa = PBXBuildFile; fileRef = 0258004A1B1E67090000EB7D /* supawhich */; };
		0258004E1B1E86180000EB7D /* cookie.png in Resources */ = {isa = PBXBuildFile; fileRef = 0258004D1B1E86180000EB7D /* cookie.png */; };
		025800501B1E88BF0000EB7D /* sleeping.png in Resources */ = {isa = PBXBuildFile; fileRef = 0258004F1B1E88BF0000EB7D /* sleeping.png */; };
		025800571B1E91AF0000EB7D /* open-in-finder-white.png in Resources */ = {isa = PBXBuildFile; fileRef = 025800511B1E91AF0000EB7D /* open-in-finder-white.png */; };
		025800581B1E91AF0000EB7D /* open-in-terminal-white.png in Resources */ = {isa = PBXBuildFile; fileRef = 025800521B1E91AF0000EB7D /* open-in-terminal-white.png */; };
		025800591B1E91AF0000EB7D /* open-in-xcode-white.png in Resources */ = {isa = PBXBuildFile; fileRef = 025800531B1E91AF0000EB7D /* open-in-xcode-white.png */; };
		0258005A1B1E91AF0000EB7D /* resync-white.png in Resources */ = {isa = PBXBuildFile; fileRef = 025800541B1E91AF0000EB7D /* resync-white.png */; };
		0258005B1B1E91AF0000EB7D /* run-white.png in Resources */ = {isa = PBXBuildFile; fileRef = 025800551B1E91AF0000EB7D /* run-white.png */; };
		0258005C1B1E91AF0000EB7D /* stop-white.png in Resources */ = {isa = PBXBuildFile; fileRef = 025800561B1E91AF0000EB7D /* stop-white.png */; };
		0258005E1B1E937E0000EB7D /* open-in-editor-white.png in Resources */ = {isa = PBXBuildFile; fileRef = 0258005D1B1E937E0000EB7D /* open-in-editor-white.png */; };
		680621191B015BF400CB24CD /* XCCCappuccinoProjectControllerDataView.m in Sources */ = {isa = PBXBuildFile; fileRef = 680621181B015BF400CB24CD /* XCCCappuccinoProjectControllerDataView.m */; };
		6815BBE51AFBE5A80030D8BB /* CappuccinoUtils.m in Sources */ = {isa = PBXBuildFile; fileRef = 6815BBE41AFBE5A80030D8BB /* CappuccinoUtils.m */; };
		6815BBEB1AFC24430030D8BB /* XcodeProjectCloser.m in Sources */ = {isa = PBXBuildFile; fileRef = 6815BBEA1AFC24430030D8BB /* XcodeProjectCloser.m */; };
		681ADE8F1B0D032C00FC8E08 /* XCCPath.m in Sources */ = {isa = PBXBuildFile; fileRef = 681ADE8E1B0D032C00FC8E08 /* XCCPath.m */; };
		6824CDDA1B0D5AA700F73447 /* XCCOperationDataView.m in Sources */ = {isa = PBXBuildFile; fileRef = 6824CDD91B0D5AA700F73447 /* XCCOperationDataView.m */; };
		6824CDDE1B0DA34500F73447 /* XCCMainController.m in Sources */ = {isa = PBXBuildFile; fileRef = 6824CDDD1B0DA34500F73447 /* XCCMainController.m */; };
		6824CDEA1B0E9CDB00F73447 /* XCCOperationErrorDataView.m in Sources */ = {isa = PBXBuildFile; fileRef = 6824CDE91B0E9CDB00F73447 /* XCCOperationErrorDataView.m */; };
		6824CDF01B0E9F1400F73447 /* XCCOperationError.m in Sources */ = {isa = PBXBuildFile; fileRef = 6824CDEF1B0E9F1400F73447 /* XCCOperationError.m */; };
		6841F2441AF98CE600CFE60E /* main.m in Sources */ = {isa = PBXBuildFile; fileRef = 6841F2431AF98CE600CFE60E /* main.m */; };
		6841F2461AF98CE600CFE60E /* Images.xcassets in Resources */ = {isa = PBXBuildFile; fileRef = 6841F2451AF98CE600CFE60E /* Images.xcassets */; };
		6841F2491AF98CE600CFE60E /* MainMenu.xib in Resources */ = {isa = PBXBuildFile; fileRef = 6841F2471AF98CE600CFE60E /* MainMenu.xib */; };
		6841F2551AF98CE600CFE60E /* XcodeCappTests.m in Sources */ = {isa = PBXBuildFile; fileRef = 6841F2541AF98CE600CFE60E /* XcodeCappTests.m */; };
		6841F2651AF98DCB00CFE60E /* DDASLLogger.m in Sources */ = {isa = PBXBuildFile; fileRef = 6841F2601AF98DCB00CFE60E /* DDASLLogger.m */; };
		6841F2661AF98DCB00CFE60E /* DDLog.m in Sources */ = {isa = PBXBuildFile; fileRef = 6841F2621AF98DCB00CFE60E /* DDLog.m */; };
		6841F2671AF98DCB00CFE60E /* DDTTYLogger.m in Sources */ = {isa = PBXBuildFile; fileRef = 6841F2641AF98DCB00CFE60E /* DDTTYLogger.m */; };
		6841F26C1AF98DDD00CFE60E /* mod_pbxproj.py in Resources */ = {isa = PBXBuildFile; fileRef = 6841F2691AF98DDD00CFE60E /* mod_pbxproj.py */; };
		6841F26E1AF98DDD00CFE60E /* pbxprojModifier.py in Resources */ = {isa = PBXBuildFile; fileRef = 6841F26B1AF98DDD00CFE60E /* pbxprojModifier.py */; };
		6841F2781AF98FA300CFE60E /* DDLogLevel.m in Sources */ = {isa = PBXBuildFile; fileRef = 6841F2771AF98FA300CFE60E /* DDLogLevel.m */; };
		6841F27C1AF990C300CFE60E /* Debug.xcconfig in Resources */ = {isa = PBXBuildFile; fileRef = 6841F27A1AF990C300CFE60E /* Debug.xcconfig */; };
		6841F27D1AF990C300CFE60E /* Release.xcconfig in Resources */ = {isa = PBXBuildFile; fileRef = 6841F27B1AF990C300CFE60E /* Release.xcconfig */; };
		6841F29A1AF9932300CFE60E /* help.pdf in Resources */ = {isa = PBXBuildFile; fileRef = 6841F27F1AF9932300CFE60E /* help.pdf */; };
		6841F2A31AF9932300CFE60E /* icon_128x128.png in Resources */ = {isa = PBXBuildFile; fileRef = 6841F2881AF9932300CFE60E /* icon_128x128.png */; };
		6841F2A41AF9932300CFE60E /* icon_128x128@2x.png in Resources */ = {isa = PBXBuildFile; fileRef = 6841F2891AF9932300CFE60E /* icon_128x128@2x.png */; };
		6841F2A51AF9932300CFE60E /* project.pbxproj in Resources */ = {isa = PBXBuildFile; fileRef = 6841F28A1AF9932300CFE60E /* project.pbxproj */; };
		6841F2B71AFA83D500CFE60E /* UserDefaults.m in Sources */ = {isa = PBXBuildFile; fileRef = 6841F2B61AFA83D500CFE60E /* UserDefaults.m */; };
		6841F2BF1AFA965300CFE60E /* XCCTaskLauncher.m in Sources */ = {isa = PBXBuildFile; fileRef = 6841F2BE1AFA965300CFE60E /* XCCTaskLauncher.m */; };
		6841F2C41AFABD7200CFE60E /* XCCCappuccinoProject.m in Sources */ = {isa = PBXBuildFile; fileRef = 6841F2C31AFABD7200CFE60E /* XCCCappuccinoProject.m */; };
		6841F2CA1AFADEBC00CFE60E /* XCCSourcesFinderOperation.m in Sources */ = {isa = PBXBuildFile; fileRef = 6841F2C71AFADEBC00CFE60E /* XCCSourcesFinderOperation.m */; };
		6841F2CB1AFADEBC00CFE60E /* XCCSourceProcessingOperation.m in Sources */ = {isa = PBXBuildFile; fileRef = 6841F2C91AFADEBC00CFE60E /* XCCSourceProcessingOperation.m */; };
		684228C71B016AFA00493AD3 /* mod_pbxproj.py in CopyFiles */ = {isa = PBXBuildFile; fileRef = 6841F2691AF98DDD00CFE60E /* mod_pbxproj.py */; };
		684228C81B016AFA00493AD3 /* pbxprojModifier.py in CopyFiles */ = {isa = PBXBuildFile; fileRef = 6841F26B1AF98DDD00CFE60E /* pbxprojModifier.py */; };
		6863FBA31AFD55A900040C8E /* LogUtils.m in Sources */ = {isa = PBXBuildFile; fileRef = 6863FBA21AFD55A900040C8E /* LogUtils.m */; };
		686ACD311B16397F0089EB03 /* XCCCappuccinoProjectController.m in Sources */ = {isa = PBXBuildFile; fileRef = 686ACD301B16397F0089EB03 /* XCCCappuccinoProjectController.m */; };
		686C69711B0FAE620095BB3C /* XCCOperationErrorHeaderDataView.m in Sources */ = {isa = PBXBuildFile; fileRef = 686C69701B0FAE620095BB3C /* XCCOperationErrorHeaderDataView.m */; };
		686C69741B0FC2EB0095BB3C /* CappLintUtils.m in Sources */ = {isa = PBXBuildFile; fileRef = 686C69731B0FC2EB0095BB3C /* CappLintUtils.m */; };
		686C697A1B0FC5930095BB3C /* ObjjUtils.m in Sources */ = {isa = PBXBuildFile; fileRef = 686C69791B0FC5930095BB3C /* ObjjUtils.m */; };
		68B6BF321B1E2546003B265B /* XCCPPXOperation.m in Sources */ = {isa = PBXBuildFile; fileRef = 68B6BF311B1E2546003B265B /* XCCPPXOperation.m */; };
/* End PBXBuildFile section */

/* Begin PBXContainerItemProxy section */
		6841F24F1AF98CE600CFE60E /* PBXContainerItemProxy */ = {
			isa = PBXContainerItemProxy;
			containerPortal = 6841F2331AF98CE600CFE60E /* Project object */;
			proxyType = 1;
			remoteGlobalIDString = 6841F23A1AF98CE600CFE60E;
			remoteInfo = XcodeCapp;
		};
/* End PBXContainerItemProxy section */

/* Begin PBXCopyFilesBuildPhase section */
		684228C61B016AE700493AD3 /* CopyFiles */ = {
			isa = PBXCopyFilesBuildPhase;
			buildActionMask = 2147483647;
			dstPath = "";
			dstSubfolderSpec = 12;
			files = (
				684228C71B016AFA00493AD3 /* mod_pbxproj.py in CopyFiles */,
				684228C81B016AFA00493AD3 /* pbxprojModifier.py in CopyFiles */,
				0258004C1B1E67770000EB7D /* supawhich in CopyFiles */,
			);
			runOnlyForDeploymentPostprocessing = 0;
		};
/* End PBXCopyFilesBuildPhase section */

/* Begin PBXFileReference section */
		021B94631B20CECA00F12DDA /* XCCOperationsViewController.h */ = {isa = PBXFileReference; fileEncoding = 4; lastKnownFileType = sourcecode.c.h; path = XCCOperationsViewController.h; sourceTree = "<group>"; };
		021B94641B20CECA00F12DDA /* XCCOperationsViewController.m */ = {isa = PBXFileReference; fileEncoding = 4; lastKnownFileType = sourcecode.c.objc; path = XCCOperationsViewController.m; sourceTree = "<group>"; };
		021B94661B20D1F800F12DDA /* OperationsView.xib */ = {isa = PBXFileReference; fileEncoding = 4; lastKnownFileType = file.xib; path = OperationsView.xib; sourceTree = "<group>"; };
		0247DCC01B17DDC400192FEF /* open-in-editor.png */ = {isa = PBXFileReference; lastKnownFileType = image.png; path = "open-in-editor.png"; sourceTree = "<group>"; };
		0247DCC21B17DDDD00192FEF /* run.png */ = {isa = PBXFileReference; lastKnownFileType = image.png; path = run.png; sourceTree = "<group>"; };
		0247DCC31B17DDDD00192FEF /* stop.png */ = {isa = PBXFileReference; lastKnownFileType = image.png; path = stop.png; sourceTree = "<group>"; };
		0247DCC61B17DF2400192FEF /* resync.png */ = {isa = PBXFileReference; lastKnownFileType = image.png; path = resync.png; sourceTree = "<group>"; };
		0255B83F1B1F71FB000CA4BC /* AppDelegate.m */ = {isa = PBXFileReference; fileEncoding = 4; lastKnownFileType = sourcecode.c.objc; path = AppDelegate.m; sourceTree = "<group>"; };
		0255B84D1B1F7983000CA4BC /* status-icon-error.png */ = {isa = PBXFileReference; lastKnownFileType = image.png; path = "status-icon-error.png"; sourceTree = "<group>"; };
		0255B84E1B1F7983000CA4BC /* status-icon-error@2x.png */ = {isa = PBXFileReference; lastKnownFileType = image.png; path = "status-icon-error@2x.png"; sourceTree = "<group>"; };
		0255B84F1B1F7983000CA4BC /* status-icon-inactive.png */ = {isa = PBXFileReference; lastKnownFileType = image.png; path = "status-icon-inactive.png"; sourceTree = "<group>"; };
		0255B8501B1F7983000CA4BC /* status-icon-inactive@2x.png */ = {isa = PBXFileReference; lastKnownFileType = image.png; path = "status-icon-inactive@2x.png"; sourceTree = "<group>"; };
		0255B8511B1F7983000CA4BC /* status-icon-working.png */ = {isa = PBXFileReference; lastKnownFileType = image.png; path = "status-icon-working.png"; sourceTree = "<group>"; };
		0255B8521B1F7983000CA4BC /* status-icon-working@2x.png */ = {isa = PBXFileReference; lastKnownFileType = image.png; path = "status-icon-working@2x.png"; sourceTree = "<group>"; };
		0258003A1B1E1C470000EB7D /* NSMutableArray+moveIndexes.h */ = {isa = PBXFileReference; fileEncoding = 4; lastKnownFileType = sourcecode.c.h; path = "NSMutableArray+moveIndexes.h"; sourceTree = "<group>"; };
		0258003B1B1E1C470000EB7D /* NSMutableArray+moveIndexes.m */ = {isa = PBXFileReference; fileEncoding = 4; lastKnownFileType = sourcecode.c.objc; path = "NSMutableArray+moveIndexes.m"; sourceTree = "<group>"; };
		0258003D1B1E29620000EB7D /* open-in-finder.png */ = {isa = PBXFileReference; lastKnownFileType = image.png; path = "open-in-finder.png"; sourceTree = "<group>"; };
		0258003E1B1E29620000EB7D /* open-in-xcode.png */ = {isa = PBXFileReference; lastKnownFileType = image.png; path = "open-in-xcode.png"; sourceTree = "<group>"; };
		025800411B1E30DD0000EB7D /* open-in-terminal.png */ = {isa = PBXFileReference; lastKnownFileType = image.png; path = "open-in-terminal.png"; sourceTree = "<group>"; };
		025800431B1E3F010000EB7D /* XCCAbstractOperation.h */ = {isa = PBXFileReference; fileEncoding = 4; lastKnownFileType = sourcecode.c.h; path = XCCAbstractOperation.h; sourceTree = "<group>"; };
		025800441B1E3F010000EB7D /* XCCAbstractOperation.m */ = {isa = PBXFileReference; fileEncoding = 4; lastKnownFileType = sourcecode.c.objc; path = XCCAbstractOperation.m; sourceTree = "<group>"; };
		025800461B1E58A00000EB7D /* Icon.icns */ = {isa = PBXFileReference; lastKnownFileType = image.icns; path = Icon.icns; sourceTree = "<group>"; };
		025800481B1E58DF0000EB7D /* icon_512x512.png */ = {isa = PBXFileReference; lastKnownFileType = image.png; path = icon_512x512.png; sourceTree = "<group>"; };
		0258004A1B1E67090000EB7D /* supawhich */ = {isa = PBXFileReference; fileEncoding = 4; lastKnownFileType = text; path = supawhich; sourceTree = "<group>"; };
		0258004D1B1E86180000EB7D /* cookie.png */ = {isa = PBXFileReference; lastKnownFileType = image.png; path = cookie.png; sourceTree = "<group>"; };
		0258004F1B1E88BF0000EB7D /* sleeping.png */ = {isa = PBXFileReference; lastKnownFileType = image.png; path = sleeping.png; sourceTree = "<group>"; };
		025800511B1E91AF0000EB7D /* open-in-finder-white.png */ = {isa = PBXFileReference; lastKnownFileType = image.png; path = "open-in-finder-white.png"; sourceTree = "<group>"; };
		025800521B1E91AF0000EB7D /* open-in-terminal-white.png */ = {isa = PBXFileReference; lastKnownFileType = image.png; path = "open-in-terminal-white.png"; sourceTree = "<group>"; };
		025800531B1E91AF0000EB7D /* open-in-xcode-white.png */ = {isa = PBXFileReference; lastKnownFileType = image.png; path = "open-in-xcode-white.png"; sourceTree = "<group>"; };
		025800541B1E91AF0000EB7D /* resync-white.png */ = {isa = PBXFileReference; lastKnownFileType = image.png; path = "resync-white.png"; sourceTree = "<group>"; };
		025800551B1E91AF0000EB7D /* run-white.png */ = {isa = PBXFileReference; lastKnownFileType = image.png; path = "run-white.png"; sourceTree = "<group>"; };
		025800561B1E91AF0000EB7D /* stop-white.png */ = {isa = PBXFileReference; lastKnownFileType = image.png; path = "stop-white.png"; sourceTree = "<group>"; };
		0258005D1B1E937E0000EB7D /* open-in-editor-white.png */ = {isa = PBXFileReference; lastKnownFileType = image.png; path = "open-in-editor-white.png"; sourceTree = "<group>"; };
		680621171B015BF400CB24CD /* XCCCappuccinoProjectControllerDataView.h */ = {isa = PBXFileReference; fileEncoding = 4; lastKnownFileType = sourcecode.c.h; path = XCCCappuccinoProjectControllerDataView.h; sourceTree = "<group>"; };
		680621181B015BF400CB24CD /* XCCCappuccinoProjectControllerDataView.m */ = {isa = PBXFileReference; fileEncoding = 4; lastKnownFileType = sourcecode.c.objc; path = XCCCappuccinoProjectControllerDataView.m; sourceTree = "<group>"; };
		6815BBE31AFBE5A80030D8BB /* CappuccinoUtils.h */ = {isa = PBXFileReference; fileEncoding = 4; lastKnownFileType = sourcecode.c.h; path = CappuccinoUtils.h; sourceTree = "<group>"; };
		6815BBE41AFBE5A80030D8BB /* CappuccinoUtils.m */ = {isa = PBXFileReference; fileEncoding = 4; lastKnownFileType = sourcecode.c.objc; path = CappuccinoUtils.m; sourceTree = "<group>"; };
		6815BBE61AFBE6B00030D8BB /* XCCCappuccinoProjectController.h */ = {isa = PBXFileReference; fileEncoding = 4; lastKnownFileType = sourcecode.c.h; path = XCCCappuccinoProjectController.h; sourceTree = "<group>"; };
		6815BBE91AFC24430030D8BB /* XcodeProjectCloser.h */ = {isa = PBXFileReference; fileEncoding = 4; lastKnownFileType = sourcecode.c.h; path = XcodeProjectCloser.h; sourceTree = "<group>"; };
		6815BBEA1AFC24430030D8BB /* XcodeProjectCloser.m */ = {isa = PBXFileReference; fileEncoding = 4; lastKnownFileType = sourcecode.c.objc; path = XcodeProjectCloser.m; sourceTree = "<group>"; };
		681ADE8D1B0D032C00FC8E08 /* XCCPath.h */ = {isa = PBXFileReference; fileEncoding = 4; lastKnownFileType = sourcecode.c.h; name = XCCPath.h; path = XcodeCapp/XCCPath.h; sourceTree = "<group>"; };
		681ADE8E1B0D032C00FC8E08 /* XCCPath.m */ = {isa = PBXFileReference; fileEncoding = 4; lastKnownFileType = sourcecode.c.objc; name = XCCPath.m; path = XcodeCapp/XCCPath.m; sourceTree = "<group>"; };
		6824CDD81B0D5AA700F73447 /* XCCOperationDataView.h */ = {isa = PBXFileReference; fileEncoding = 4; lastKnownFileType = sourcecode.c.h; path = XCCOperationDataView.h; sourceTree = "<group>"; };
		6824CDD91B0D5AA700F73447 /* XCCOperationDataView.m */ = {isa = PBXFileReference; fileEncoding = 4; lastKnownFileType = sourcecode.c.objc; path = XCCOperationDataView.m; sourceTree = "<group>"; };
		6824CDDC1B0DA34500F73447 /* XCCMainController.h */ = {isa = PBXFileReference; fileEncoding = 4; lastKnownFileType = sourcecode.c.h; path = XCCMainController.h; sourceTree = "<group>"; };
		6824CDDD1B0DA34500F73447 /* XCCMainController.m */ = {isa = PBXFileReference; fileEncoding = 4; lastKnownFileType = sourcecode.c.objc; path = XCCMainController.m; sourceTree = "<group>"; };
		6824CDE81B0E9CDB00F73447 /* XCCOperationErrorDataView.h */ = {isa = PBXFileReference; fileEncoding = 4; lastKnownFileType = sourcecode.c.h; path = XCCOperationErrorDataView.h; sourceTree = "<group>"; };
		6824CDE91B0E9CDB00F73447 /* XCCOperationErrorDataView.m */ = {isa = PBXFileReference; fileEncoding = 4; lastKnownFileType = sourcecode.c.objc; path = XCCOperationErrorDataView.m; sourceTree = "<group>"; };
		6824CDEE1B0E9F1400F73447 /* XCCOperationError.h */ = {isa = PBXFileReference; fileEncoding = 4; lastKnownFileType = sourcecode.c.h; name = XCCOperationError.h; path = XcodeCapp/XCCOperationError.h; sourceTree = "<group>"; };
		6824CDEF1B0E9F1400F73447 /* XCCOperationError.m */ = {isa = PBXFileReference; fileEncoding = 4; lastKnownFileType = sourcecode.c.objc; name = XCCOperationError.m; path = XcodeCapp/XCCOperationError.m; sourceTree = "<group>"; };
		6841F23B1AF98CE600CFE60E /* XcodeCapp.app */ = {isa = PBXFileReference; explicitFileType = wrapper.application; includeInIndex = 0; path = XcodeCapp.app; sourceTree = BUILT_PRODUCTS_DIR; };
		6841F23F1AF98CE600CFE60E /* Info.plist */ = {isa = PBXFileReference; lastKnownFileType = text.plist.xml; path = Info.plist; sourceTree = "<group>"; };
		6841F2401AF98CE600CFE60E /* AppDelegate.h */ = {isa = PBXFileReference; lastKnownFileType = sourcecode.c.h; path = AppDelegate.h; sourceTree = "<group>"; };
		6841F2431AF98CE600CFE60E /* main.m */ = {isa = PBXFileReference; lastKnownFileType = sourcecode.c.objc; path = main.m; sourceTree = "<group>"; };
		6841F2451AF98CE600CFE60E /* Images.xcassets */ = {isa = PBXFileReference; lastKnownFileType = folder.assetcatalog; path = Images.xcassets; sourceTree = "<group>"; };
		6841F24E1AF98CE600CFE60E /* XcodeCappTests.app */ = {isa = PBXFileReference; explicitFileType = wrapper.cfbundle; includeInIndex = 0; path = XcodeCappTests.app; sourceTree = BUILT_PRODUCTS_DIR; };
		6841F2531AF98CE600CFE60E /* Info.plist */ = {isa = PBXFileReference; lastKnownFileType = text.plist.xml; path = Info.plist; sourceTree = "<group>"; };
		6841F2541AF98CE600CFE60E /* XcodeCappTests.m */ = {isa = PBXFileReference; lastKnownFileType = sourcecode.c.objc; path = XcodeCappTests.m; sourceTree = "<group>"; };
		6841F25F1AF98DCB00CFE60E /* DDASLLogger.h */ = {isa = PBXFileReference; fileEncoding = 4; lastKnownFileType = sourcecode.c.h; path = DDASLLogger.h; sourceTree = "<group>"; };
		6841F2601AF98DCB00CFE60E /* DDASLLogger.m */ = {isa = PBXFileReference; fileEncoding = 4; lastKnownFileType = sourcecode.c.objc; path = DDASLLogger.m; sourceTree = "<group>"; };
		6841F2611AF98DCB00CFE60E /* DDLog.h */ = {isa = PBXFileReference; fileEncoding = 4; lastKnownFileType = sourcecode.c.h; path = DDLog.h; sourceTree = "<group>"; };
		6841F2621AF98DCB00CFE60E /* DDLog.m */ = {isa = PBXFileReference; fileEncoding = 4; lastKnownFileType = sourcecode.c.objc; path = DDLog.m; sourceTree = "<group>"; };
		6841F2631AF98DCB00CFE60E /* DDTTYLogger.h */ = {isa = PBXFileReference; fileEncoding = 4; lastKnownFileType = sourcecode.c.h; path = DDTTYLogger.h; sourceTree = "<group>"; };
		6841F2641AF98DCB00CFE60E /* DDTTYLogger.m */ = {isa = PBXFileReference; fileEncoding = 4; lastKnownFileType = sourcecode.c.objc; path = DDTTYLogger.m; sourceTree = "<group>"; };
		6841F2691AF98DDD00CFE60E /* mod_pbxproj.py */ = {isa = PBXFileReference; fileEncoding = 4; lastKnownFileType = text.script.python; path = mod_pbxproj.py; sourceTree = "<group>"; };
		6841F26B1AF98DDD00CFE60E /* pbxprojModifier.py */ = {isa = PBXFileReference; fileEncoding = 4; lastKnownFileType = text.script.python; path = pbxprojModifier.py; sourceTree = "<group>"; };
		6841F2741AF98F6F00CFE60E /* CoreServices.framework */ = {isa = PBXFileReference; lastKnownFileType = wrapper.framework; name = CoreServices.framework; path = System/Library/Frameworks/CoreServices.framework; sourceTree = SDKROOT; };
		6841F2761AF98FA300CFE60E /* DDLogLevel.h */ = {isa = PBXFileReference; fileEncoding = 4; lastKnownFileType = sourcecode.c.h; path = DDLogLevel.h; sourceTree = "<group>"; };
		6841F2771AF98FA300CFE60E /* DDLogLevel.m */ = {isa = PBXFileReference; fileEncoding = 4; lastKnownFileType = sourcecode.c.objc; path = DDLogLevel.m; sourceTree = "<group>"; };
		6841F2791AF9902B00CFE60E /* XcodeCapp-Prefix.pch */ = {isa = PBXFileReference; lastKnownFileType = sourcecode.c.h; path = "XcodeCapp-Prefix.pch"; sourceTree = "<group>"; };
		6841F27A1AF990C300CFE60E /* Debug.xcconfig */ = {isa = PBXFileReference; fileEncoding = 4; lastKnownFileType = text.xcconfig; path = Debug.xcconfig; sourceTree = "<group>"; };
		6841F27B1AF990C300CFE60E /* Release.xcconfig */ = {isa = PBXFileReference; fileEncoding = 4; lastKnownFileType = text.xcconfig; path = Release.xcconfig; sourceTree = "<group>"; };
		6841F27F1AF9932300CFE60E /* help.pdf */ = {isa = PBXFileReference; lastKnownFileType = image.pdf; path = help.pdf; sourceTree = "<group>"; };
		6841F2881AF9932300CFE60E /* icon_128x128.png */ = {isa = PBXFileReference; lastKnownFileType = image.png; path = icon_128x128.png; sourceTree = "<group>"; };
		6841F2891AF9932300CFE60E /* icon_128x128@2x.png */ = {isa = PBXFileReference; lastKnownFileType = image.png; path = "icon_128x128@2x.png"; sourceTree = "<group>"; };
		6841F28A1AF9932300CFE60E /* project.pbxproj */ = {isa = PBXFileReference; fileEncoding = 4; lastKnownFileType = text.pbxproject; path = project.pbxproj; sourceTree = "<group>"; };
		6841F2B61AFA83D500CFE60E /* UserDefaults.m */ = {isa = PBXFileReference; fileEncoding = 4; lastKnownFileType = sourcecode.c.objc; path = UserDefaults.m; sourceTree = "<group>"; };
		6841F2B81AFA83E900CFE60E /* UserDefaults.h */ = {isa = PBXFileReference; lastKnownFileType = sourcecode.c.h; path = UserDefaults.h; sourceTree = "<group>"; };
		6841F2BD1AFA965300CFE60E /* XCCTaskLauncher.h */ = {isa = PBXFileReference; fileEncoding = 4; lastKnownFileType = sourcecode.c.h; path = XCCTaskLauncher.h; sourceTree = "<group>"; };
		6841F2BE1AFA965300CFE60E /* XCCTaskLauncher.m */ = {isa = PBXFileReference; fileEncoding = 4; lastKnownFileType = sourcecode.c.objc; path = XCCTaskLauncher.m; sourceTree = "<group>"; };
		6841F2C21AFABD7200CFE60E /* XCCCappuccinoProject.h */ = {isa = PBXFileReference; fileEncoding = 4; lastKnownFileType = sourcecode.c.h; name = XCCCappuccinoProject.h; path = XcodeCapp/XCCCappuccinoProject.h; sourceTree = "<group>"; };
		6841F2C31AFABD7200CFE60E /* XCCCappuccinoProject.m */ = {isa = PBXFileReference; fileEncoding = 4; lastKnownFileType = sourcecode.c.objc; name = XCCCappuccinoProject.m; path = XcodeCapp/XCCCappuccinoProject.m; sourceTree = "<group>"; };
		6841F2C61AFADEBC00CFE60E /* XCCSourcesFinderOperation.h */ = {isa = PBXFileReference; fileEncoding = 4; lastKnownFileType = sourcecode.c.h; path = XCCSourcesFinderOperation.h; sourceTree = "<group>"; };
		6841F2C71AFADEBC00CFE60E /* XCCSourcesFinderOperation.m */ = {isa = PBXFileReference; fileEncoding = 4; lastKnownFileType = sourcecode.c.objc; path = XCCSourcesFinderOperation.m; sourceTree = "<group>"; };
		6841F2C81AFADEBC00CFE60E /* XCCSourceProcessingOperation.h */ = {isa = PBXFileReference; fileEncoding = 4; lastKnownFileType = sourcecode.c.h; path = XCCSourceProcessingOperation.h; sourceTree = "<group>"; };
		6841F2C91AFADEBC00CFE60E /* XCCSourceProcessingOperation.m */ = {isa = PBXFileReference; fileEncoding = 4; lastKnownFileType = sourcecode.c.objc; path = XCCSourceProcessingOperation.m; sourceTree = "<group>"; };
		6863FBA11AFD55A900040C8E /* LogUtils.h */ = {isa = PBXFileReference; fileEncoding = 4; lastKnownFileType = sourcecode.c.h; path = LogUtils.h; sourceTree = "<group>"; };
		6863FBA21AFD55A900040C8E /* LogUtils.m */ = {isa = PBXFileReference; fileEncoding = 4; lastKnownFileType = sourcecode.c.objc; path = LogUtils.m; sourceTree = "<group>"; };
		686ACD301B16397F0089EB03 /* XCCCappuccinoProjectController.m */ = {isa = PBXFileReference; fileEncoding = 4; lastKnownFileType = sourcecode.c.objc; path = XCCCappuccinoProjectController.m; sourceTree = "<group>"; };
		686ACD331B1691AA0089EB03 /* Base */ = {isa = PBXFileReference; lastKnownFileType = file.xib; name = Base; path = Base.lproj/MainMenu.xib; sourceTree = "<group>"; };
		686C696F1B0FAE620095BB3C /* XCCOperationErrorHeaderDataView.h */ = {isa = PBXFileReference; fileEncoding = 4; lastKnownFileType = sourcecode.c.h; path = XCCOperationErrorHeaderDataView.h; sourceTree = "<group>"; };
		686C69701B0FAE620095BB3C /* XCCOperationErrorHeaderDataView.m */ = {isa = PBXFileReference; fileEncoding = 4; lastKnownFileType = sourcecode.c.objc; path = XCCOperationErrorHeaderDataView.m; sourceTree = "<group>"; };
		686C69721B0FC2EB0095BB3C /* CappLintUtils.h */ = {isa = PBXFileReference; fileEncoding = 4; lastKnownFileType = sourcecode.c.h; path = CappLintUtils.h; sourceTree = "<group>"; };
		686C69731B0FC2EB0095BB3C /* CappLintUtils.m */ = {isa = PBXFileReference; fileEncoding = 4; lastKnownFileType = sourcecode.c.objc; path = CappLintUtils.m; sourceTree = "<group>"; };
		686C69781B0FC5930095BB3C /* ObjjUtils.h */ = {isa = PBXFileReference; fileEncoding = 4; lastKnownFileType = sourcecode.c.h; path = ObjjUtils.h; sourceTree = "<group>"; };
		686C69791B0FC5930095BB3C /* ObjjUtils.m */ = {isa = PBXFileReference; fileEncoding = 4; lastKnownFileType = sourcecode.c.objc; path = ObjjUtils.m; sourceTree = "<group>"; };
		68B6BF301B1E2546003B265B /* XCCPPXOperation.h */ = {isa = PBXFileReference; fileEncoding = 4; lastKnownFileType = sourcecode.c.h; path = XCCPPXOperation.h; sourceTree = "<group>"; };
		68B6BF311B1E2546003B265B /* XCCPPXOperation.m */ = {isa = PBXFileReference; fileEncoding = 4; lastKnownFileType = sourcecode.c.objc; path = XCCPPXOperation.m; sourceTree = "<group>"; };
/* End PBXFileReference section */

/* Begin PBXFrameworksBuildPhase section */
		6841F2381AF98CE600CFE60E /* Frameworks */ = {
			isa = PBXFrameworksBuildPhase;
			buildActionMask = 2147483647;
			files = (
			);
			runOnlyForDeploymentPostprocessing = 0;
		};
		6841F24B1AF98CE600CFE60E /* Frameworks */ = {
			isa = PBXFrameworksBuildPhase;
			buildActionMask = 2147483647;
			files = (
			);
			runOnlyForDeploymentPostprocessing = 0;
		};
/* End PBXFrameworksBuildPhase section */

/* Begin PBXGroup section */
		680621161B015BDB00CB24CD /* Views */ = {
			isa = PBXGroup;
			children = (
				680621171B015BF400CB24CD /* XCCCappuccinoProjectControllerDataView.h */,
				680621181B015BF400CB24CD /* XCCCappuccinoProjectControllerDataView.m */,
				6824CDD81B0D5AA700F73447 /* XCCOperationDataView.h */,
				6824CDD91B0D5AA700F73447 /* XCCOperationDataView.m */,
				6824CDE81B0E9CDB00F73447 /* XCCOperationErrorDataView.h */,
				6824CDE91B0E9CDB00F73447 /* XCCOperationErrorDataView.m */,
				686C696F1B0FAE620095BB3C /* XCCOperationErrorHeaderDataView.h */,
				686C69701B0FAE620095BB3C /* XCCOperationErrorHeaderDataView.m */,
			);
			name = Views;
			sourceTree = "<group>";
		};
		6824CDDB1B0D976400F73447 /* Controllers */ = {
			isa = PBXGroup;
			children = (
				6824CDDC1B0DA34500F73447 /* XCCMainController.h */,
				6824CDDD1B0DA34500F73447 /* XCCMainController.m */,
				6815BBE61AFBE6B00030D8BB /* XCCCappuccinoProjectController.h */,
				686ACD301B16397F0089EB03 /* XCCCappuccinoProjectController.m */,
				021B94631B20CECA00F12DDA /* XCCOperationsViewController.h */,
				021B94641B20CECA00F12DDA /* XCCOperationsViewController.m */,
			);
			name = Controllers;
			sourceTree = "<group>";
		};
		6841F2321AF98CE600CFE60E = {
			isa = PBXGroup;
			children = (
				6841F2741AF98F6F00CFE60E /* CoreServices.framework */,
				6841F23D1AF98CE600CFE60E /* XcodeCapp */,
				6841F2511AF98CE600CFE60E /* XcodeCappTests */,
				6841F23C1AF98CE600CFE60E /* Products */,
			);
			sourceTree = "<group>";
		};
		6841F23C1AF98CE600CFE60E /* Products */ = {
			isa = PBXGroup;
			children = (
				6841F23B1AF98CE600CFE60E /* XcodeCapp.app */,
				6841F24E1AF98CE600CFE60E /* XcodeCappTests.app */,
			);
			name = Products;
			sourceTree = "<group>";
		};
		6841F23D1AF98CE600CFE60E /* XcodeCapp */ = {
			isa = PBXGroup;
			children = (
				6841F2451AF98CE600CFE60E /* Images.xcassets */,
				021B94661B20D1F800F12DDA /* OperationsView.xib */,
				6841F2471AF98CE600CFE60E /* MainMenu.xib */,
				6841F2401AF98CE600CFE60E /* AppDelegate.h */,
				0255B83F1B1F71FB000CA4BC /* AppDelegate.m */,
				6824CDDB1B0D976400F73447 /* Controllers */,
				68F3B95A1B0CFBCF00A7EF70 /* Models */,
				680621161B015BDB00CB24CD /* Views */,
				6841F2C51AFADE7D00CFE60E /* Operations */,
				6841F2C01AFABD0900CFE60E /* Utils */,
				6841F2681AF98DDD00CFE60E /* Scripts */,
				6841F25E1AF98DCB00CFE60E /* Lumberjack */,
				6841F23E1AF98CE600CFE60E /* Supporting Files */,
				6841F27E1AF9932300CFE60E /* Resources */,
			);
			path = XcodeCapp;
			sourceTree = "<group>";
		};
		6841F23E1AF98CE600CFE60E /* Supporting Files */ = {
			isa = PBXGroup;
			children = (
				6841F27A1AF990C300CFE60E /* Debug.xcconfig */,
				6841F27B1AF990C300CFE60E /* Release.xcconfig */,
				6841F23F1AF98CE600CFE60E /* Info.plist */,
				6841F2791AF9902B00CFE60E /* XcodeCapp-Prefix.pch */,
				6841F2431AF98CE600CFE60E /* main.m */,
			);
			name = "Supporting Files";
			sourceTree = "<group>";
		};
		6841F2511AF98CE600CFE60E /* XcodeCappTests */ = {
			isa = PBXGroup;
			children = (
				6841F2541AF98CE600CFE60E /* XcodeCappTests.m */,
				6841F2521AF98CE600CFE60E /* Supporting Files */,
			);
			path = XcodeCappTests;
			sourceTree = "<group>";
		};
		6841F2521AF98CE600CFE60E /* Supporting Files */ = {
			isa = PBXGroup;
			children = (
				6841F2531AF98CE600CFE60E /* Info.plist */,
			);
			name = "Supporting Files";
			sourceTree = "<group>";
		};
		6841F25E1AF98DCB00CFE60E /* Lumberjack */ = {
			isa = PBXGroup;
			children = (
				6841F25F1AF98DCB00CFE60E /* DDASLLogger.h */,
				6841F2601AF98DCB00CFE60E /* DDASLLogger.m */,
				6841F2611AF98DCB00CFE60E /* DDLog.h */,
				6841F2621AF98DCB00CFE60E /* DDLog.m */,
				6841F2631AF98DCB00CFE60E /* DDTTYLogger.h */,
				6841F2641AF98DCB00CFE60E /* DDTTYLogger.m */,
			);
			path = Lumberjack;
			sourceTree = "<group>";
		};
		6841F2681AF98DDD00CFE60E /* Scripts */ = {
			isa = PBXGroup;
			children = (
				0258004A1B1E67090000EB7D /* supawhich */,
				6841F2691AF98DDD00CFE60E /* mod_pbxproj.py */,
				6841F26B1AF98DDD00CFE60E /* pbxprojModifier.py */,
			);
			path = Scripts;
			sourceTree = "<group>";
		};
		6841F27E1AF9932300CFE60E /* Resources */ = {
			isa = PBXGroup;
			children = (
				0255B84D1B1F7983000CA4BC /* status-icon-error.png */,
				0255B84E1B1F7983000CA4BC /* status-icon-error@2x.png */,
				0255B84F1B1F7983000CA4BC /* status-icon-inactive.png */,
				0255B8501B1F7983000CA4BC /* status-icon-inactive@2x.png */,
				0255B8511B1F7983000CA4BC /* status-icon-working.png */,
				0255B8521B1F7983000CA4BC /* status-icon-working@2x.png */,
				0258005D1B1E937E0000EB7D /* open-in-editor-white.png */,
				025800511B1E91AF0000EB7D /* open-in-finder-white.png */,
				025800521B1E91AF0000EB7D /* open-in-terminal-white.png */,
				025800531B1E91AF0000EB7D /* open-in-xcode-white.png */,
				025800541B1E91AF0000EB7D /* resync-white.png */,
				025800551B1E91AF0000EB7D /* run-white.png */,
				025800561B1E91AF0000EB7D /* stop-white.png */,
				0258004F1B1E88BF0000EB7D /* sleeping.png */,
				0258004D1B1E86180000EB7D /* cookie.png */,
				025800481B1E58DF0000EB7D /* icon_512x512.png */,
				025800461B1E58A00000EB7D /* Icon.icns */,
				025800411B1E30DD0000EB7D /* open-in-terminal.png */,
				0258003D1B1E29620000EB7D /* open-in-finder.png */,
				0258003E1B1E29620000EB7D /* open-in-xcode.png */,
				0247DCC61B17DF2400192FEF /* resync.png */,
				0247DCC21B17DDDD00192FEF /* run.png */,
				0247DCC31B17DDDD00192FEF /* stop.png */,
				0247DCC01B17DDC400192FEF /* open-in-editor.png */,
				6841F27F1AF9932300CFE60E /* help.pdf */,
				6841F2881AF9932300CFE60E /* icon_128x128.png */,
				6841F2891AF9932300CFE60E /* icon_128x128@2x.png */,
				6841F28A1AF9932300CFE60E /* project.pbxproj */,
			);
			path = Resources;
			sourceTree = "<group>";
		};
		6841F2C01AFABD0900CFE60E /* Utils */ = {
			isa = PBXGroup;
			children = (
				6841F2B61AFA83D500CFE60E /* UserDefaults.m */,
				6841F2B81AFA83E900CFE60E /* UserDefaults.h */,
				6841F2BD1AFA965300CFE60E /* XCCTaskLauncher.h */,
				6841F2BE1AFA965300CFE60E /* XCCTaskLauncher.m */,
				6841F2761AF98FA300CFE60E /* DDLogLevel.h */,
				6841F2771AF98FA300CFE60E /* DDLogLevel.m */,
				6815BBE31AFBE5A80030D8BB /* CappuccinoUtils.h */,
				6815BBE41AFBE5A80030D8BB /* CappuccinoUtils.m */,
				6815BBE91AFC24430030D8BB /* XcodeProjectCloser.h */,
				6815BBEA1AFC24430030D8BB /* XcodeProjectCloser.m */,
				6863FBA11AFD55A900040C8E /* LogUtils.h */,
				6863FBA21AFD55A900040C8E /* LogUtils.m */,
				686C69721B0FC2EB0095BB3C /* CappLintUtils.h */,
				686C69731B0FC2EB0095BB3C /* CappLintUtils.m */,
				686C69781B0FC5930095BB3C /* ObjjUtils.h */,
				686C69791B0FC5930095BB3C /* ObjjUtils.m */,
				0258003A1B1E1C470000EB7D /* NSMutableArray+moveIndexes.h */,
				0258003B1B1E1C470000EB7D /* NSMutableArray+moveIndexes.m */,
			);
			name = Utils;
			sourceTree = "<group>";
		};
		6841F2C51AFADE7D00CFE60E /* Operations */ = {
			isa = PBXGroup;
			children = (
				6841F2C61AFADEBC00CFE60E /* XCCSourcesFinderOperation.h */,
				6841F2C71AFADEBC00CFE60E /* XCCSourcesFinderOperation.m */,
				6841F2C81AFADEBC00CFE60E /* XCCSourceProcessingOperation.h */,
				6841F2C91AFADEBC00CFE60E /* XCCSourceProcessingOperation.m */,
				68B6BF301B1E2546003B265B /* XCCPPXOperation.h */,
				68B6BF311B1E2546003B265B /* XCCPPXOperation.m */,
				025800431B1E3F010000EB7D /* XCCAbstractOperation.h */,
				025800441B1E3F010000EB7D /* XCCAbstractOperation.m */,
			);
			name = Operations;
			sourceTree = "<group>";
		};
		68F3B95A1B0CFBCF00A7EF70 /* Models */ = {
			isa = PBXGroup;
			children = (
				6841F2C21AFABD7200CFE60E /* XCCCappuccinoProject.h */,
				6841F2C31AFABD7200CFE60E /* XCCCappuccinoProject.m */,
				681ADE8D1B0D032C00FC8E08 /* XCCPath.h */,
				681ADE8E1B0D032C00FC8E08 /* XCCPath.m */,
				6824CDEE1B0E9F1400F73447 /* XCCOperationError.h */,
				6824CDEF1B0E9F1400F73447 /* XCCOperationError.m */,
			);
			name = Models;
			path = ..;
			sourceTree = "<group>";
		};
/* End PBXGroup section */

/* Begin PBXNativeTarget section */
		6841F23A1AF98CE600CFE60E /* XcodeCapp */ = {
			isa = PBXNativeTarget;
			buildConfigurationList = 6841F2581AF98CE600CFE60E /* Build configuration list for PBXNativeTarget "XcodeCapp" */;
			buildPhases = (
				6841F2371AF98CE600CFE60E /* Sources */,
				6841F2381AF98CE600CFE60E /* Frameworks */,
				6841F2391AF98CE600CFE60E /* Resources */,
				684228C61B016AE700493AD3 /* CopyFiles */,
			);
			buildRules = (
			);
			dependencies = (
			);
			name = XcodeCapp;
			productName = XcodeCapp;
			productReference = 6841F23B1AF98CE600CFE60E /* XcodeCapp.app */;
			productType = "com.apple.product-type.application";
		};
		6841F24D1AF98CE600CFE60E /* XcodeCappTests */ = {
			isa = PBXNativeTarget;
			buildConfigurationList = 6841F25B1AF98CE600CFE60E /* Build configuration list for PBXNativeTarget "XcodeCappTests" */;
			buildPhases = (
				6841F24A1AF98CE600CFE60E /* Sources */,
				6841F24B1AF98CE600CFE60E /* Frameworks */,
				6841F24C1AF98CE600CFE60E /* Resources */,
			);
			buildRules = (
			);
			dependencies = (
				6841F2501AF98CE600CFE60E /* PBXTargetDependency */,
			);
			name = XcodeCappTests;
			productName = XcodeCappTests;
			productReference = 6841F24E1AF98CE600CFE60E /* XcodeCappTests.app */;
			productType = "com.apple.product-type.bundle.unit-test";
		};
/* End PBXNativeTarget section */

/* Begin PBXProject section */
		6841F2331AF98CE600CFE60E /* Project object */ = {
			isa = PBXProject;
			attributes = {
				LastUpgradeCheck = 0630;
				ORGANIZATIONNAME = "cappuccino-project";
				TargetAttributes = {
					6841F23A1AF98CE600CFE60E = {
						CreatedOnToolsVersion = 6.3.1;
					};
					6841F24D1AF98CE600CFE60E = {
						CreatedOnToolsVersion = 6.3.1;
						TestTargetID = 6841F23A1AF98CE600CFE60E;
					};
				};
			};
			buildConfigurationList = 6841F2361AF98CE600CFE60E /* Build configuration list for PBXProject "XcodeCapp" */;
			compatibilityVersion = "Xcode 3.2";
			developmentRegion = English;
			hasScannedForEncodings = 0;
			knownRegions = (
				en,
				Base,
			);
			mainGroup = 6841F2321AF98CE600CFE60E;
			productRefGroup = 6841F23C1AF98CE600CFE60E /* Products */;
			projectDirPath = "";
			projectRoot = "";
			targets = (
				6841F23A1AF98CE600CFE60E /* XcodeCapp */,
				6841F24D1AF98CE600CFE60E /* XcodeCappTests */,
			);
		};
/* End PBXProject section */

/* Begin PBXResourcesBuildPhase section */
		6841F2391AF98CE600CFE60E /* Resources */ = {
			isa = PBXResourcesBuildPhase;
			buildActionMask = 2147483647;
			files = (
				0258005E1B1E937E0000EB7D /* open-in-editor-white.png in Resources */,
				0258004E1B1E86180000EB7D /* cookie.png in Resources */,
				0247DCC11B17DDC400192FEF /* open-in-editor.png in Resources */,
				0258003F1B1E29620000EB7D /* open-in-finder.png in Resources */,
				6841F2A31AF9932300CFE60E /* icon_128x128.png in Resources */,
				0255B8551B1F7983000CA4BC /* status-icon-inactive.png in Resources */,
				025800471B1E58A00000EB7D /* Icon.icns in Resources */,
				6841F2461AF98CE600CFE60E /* Images.xcassets in Resources */,
				6841F29A1AF9932300CFE60E /* help.pdf in Resources */,
				0255B8541B1F7983000CA4BC /* status-icon-error@2x.png in Resources */,
				021B94671B20D1F800F12DDA /* OperationsView.xib in Resources */,
				025800571B1E91AF0000EB7D /* open-in-finder-white.png in Resources */,
				025800501B1E88BF0000EB7D /* sleeping.png in Resources */,
				025800421B1E30DD0000EB7D /* open-in-terminal.png in Resources */,
				0258005B1B1E91AF0000EB7D /* run-white.png in Resources */,
				0258004B1B1E67090000EB7D /* supawhich in Resources */,
				6841F27C1AF990C300CFE60E /* Debug.xcconfig in Resources */,
				6841F26E1AF98DDD00CFE60E /* pbxprojModifier.py in Resources */,
				0255B8561B1F7983000CA4BC /* status-icon-inactive@2x.png in Resources */,
				0255B8531B1F7983000CA4BC /* status-icon-error.png in Resources */,
				0247DCC41B17DDDD00192FEF /* run.png in Resources */,
				0247DCC51B17DDDD00192FEF /* stop.png in Resources */,
				6841F2A41AF9932300CFE60E /* icon_128x128@2x.png in Resources */,
				025800401B1E29620000EB7D /* open-in-xcode.png in Resources */,
				0258005C1B1E91AF0000EB7D /* stop-white.png in Resources */,
				025800491B1E58DF0000EB7D /* icon_512x512.png in Resources */,
				6841F2A51AF9932300CFE60E /* project.pbxproj in Resources */,
				0255B8571B1F7983000CA4BC /* status-icon-working.png in Resources */,
				025800581B1E91AF0000EB7D /* open-in-terminal-white.png in Resources */,
				025800591B1E91AF0000EB7D /* open-in-xcode-white.png in Resources */,
				6841F2491AF98CE600CFE60E /* MainMenu.xib in Resources */,
				6841F27D1AF990C300CFE60E /* Release.xcconfig in Resources */,
				0247DCC71B17DF2400192FEF /* resync.png in Resources */,
				6841F26C1AF98DDD00CFE60E /* mod_pbxproj.py in Resources */,
				0255B8581B1F7983000CA4BC /* status-icon-working@2x.png in Resources */,
				0258005A1B1E91AF0000EB7D /* resync-white.png in Resources */,
			);
			runOnlyForDeploymentPostprocessing = 0;
		};
		6841F24C1AF98CE600CFE60E /* Resources */ = {
			isa = PBXResourcesBuildPhase;
			buildActionMask = 2147483647;
			files = (
			);
			runOnlyForDeploymentPostprocessing = 0;
		};
/* End PBXResourcesBuildPhase section */

/* Begin PBXSourcesBuildPhase section */
		6841F2371AF98CE600CFE60E /* Sources */ = {
			isa = PBXSourcesBuildPhase;
			buildActionMask = 2147483647;
			files = (
				6841F2781AF98FA300CFE60E /* DDLogLevel.m in Sources */,
				68B6BF321B1E2546003B265B /* XCCPPXOperation.m in Sources */,
				0255B8401B1F71FB000CA4BC /* AppDelegate.m in Sources */,
				6815BBE51AFBE5A80030D8BB /* CappuccinoUtils.m in Sources */,
				0258003C1B1E1C470000EB7D /* NSMutableArray+moveIndexes.m in Sources */,
				6841F2BF1AFA965300CFE60E /* XCCTaskLauncher.m in Sources */,
				6841F2C41AFABD7200CFE60E /* XCCCappuccinoProject.m in Sources */,
				6841F2661AF98DCB00CFE60E /* DDLog.m in Sources */,
				686ACD311B16397F0089EB03 /* XCCCappuccinoProjectController.m in Sources */,
				021B94651B20CECA00F12DDA /* XCCOperationsViewController.m in Sources */,
				6841F2CB1AFADEBC00CFE60E /* XCCSourceProcessingOperation.m in Sources */,
				6815BBEB1AFC24430030D8BB /* XcodeProjectCloser.m in Sources */,
				6824CDDE1B0DA34500F73447 /* XCCMainController.m in Sources */,
				6863FBA31AFD55A900040C8E /* LogUtils.m in Sources */,
				680621191B015BF400CB24CD /* XCCCappuccinoProjectControllerDataView.m in Sources */,
				025800451B1E3F010000EB7D /* XCCAbstractOperation.m in Sources */,
				686C69711B0FAE620095BB3C /* XCCOperationErrorHeaderDataView.m in Sources */,
				6824CDF01B0E9F1400F73447 /* XCCOperationError.m in Sources */,
				6841F2671AF98DCB00CFE60E /* DDTTYLogger.m in Sources */,
				686C69741B0FC2EB0095BB3C /* CappLintUtils.m in Sources */,
				6841F2441AF98CE600CFE60E /* main.m in Sources */,
				6824CDDA1B0D5AA700F73447 /* XCCOperationDataView.m in Sources */,
				686C697A1B0FC5930095BB3C /* ObjjUtils.m in Sources */,
				6841F2CA1AFADEBC00CFE60E /* XCCSourcesFinderOperation.m in Sources */,
				681ADE8F1B0D032C00FC8E08 /* XCCPath.m in Sources */,
				6841F2651AF98DCB00CFE60E /* DDASLLogger.m in Sources */,
				6841F2B71AFA83D500CFE60E /* UserDefaults.m in Sources */,
				6824CDEA1B0E9CDB00F73447 /* XCCOperationErrorDataView.m in Sources */,
			);
			runOnlyForDeploymentPostprocessing = 0;
		};
		6841F24A1AF98CE600CFE60E /* Sources */ = {
			isa = PBXSourcesBuildPhase;
			buildActionMask = 2147483647;
			files = (
				6841F2551AF98CE600CFE60E /* XcodeCappTests.m in Sources */,
			);
			runOnlyForDeploymentPostprocessing = 0;
		};
/* End PBXSourcesBuildPhase section */

/* Begin PBXTargetDependency section */
		6841F2501AF98CE600CFE60E /* PBXTargetDependency */ = {
			isa = PBXTargetDependency;
			target = 6841F23A1AF98CE600CFE60E /* XcodeCapp */;
			targetProxy = 6841F24F1AF98CE600CFE60E /* PBXContainerItemProxy */;
		};
/* End PBXTargetDependency section */

/* Begin PBXVariantGroup section */
		6841F2471AF98CE600CFE60E /* MainMenu.xib */ = {
			isa = PBXVariantGroup;
			children = (
				686ACD331B1691AA0089EB03 /* Base */,
			);
			name = MainMenu.xib;
			sourceTree = "<group>";
		};
/* End PBXVariantGroup section */

/* Begin XCBuildConfiguration section */
		6841F2561AF98CE600CFE60E /* Debug */ = {
			isa = XCBuildConfiguration;
			baseConfigurationReference = 6841F27A1AF990C300CFE60E /* Debug.xcconfig */;
			buildSettings = {
				ALWAYS_SEARCH_USER_PATHS = NO;
				CLANG_CXX_LANGUAGE_STANDARD = "gnu++0x";
				CLANG_CXX_LIBRARY = "libc++";
				CLANG_ENABLE_MODULES = YES;
				CLANG_ENABLE_OBJC_ARC = YES;
				CLANG_WARN_BOOL_CONVERSION = YES;
				CLANG_WARN_CONSTANT_CONVERSION = YES;
				CLANG_WARN_DIRECT_OBJC_ISA_USAGE = YES_ERROR;
				CLANG_WARN_EMPTY_BODY = YES;
				CLANG_WARN_ENUM_CONVERSION = YES;
				CLANG_WARN_INT_CONVERSION = YES;
				CLANG_WARN_OBJC_ROOT_CLASS = YES_ERROR;
				CLANG_WARN_UNREACHABLE_CODE = YES;
				CLANG_WARN__DUPLICATE_METHOD_MATCH = YES;
				CODE_SIGN_IDENTITY = "-";
				COPY_PHASE_STRIP = NO;
				DEBUG_INFORMATION_FORMAT = dwarf;
				ENABLE_STRICT_OBJC_MSGSEND = YES;
				GCC_C_LANGUAGE_STANDARD = gnu99;
				GCC_DYNAMIC_NO_PIC = NO;
				GCC_NO_COMMON_BLOCKS = YES;
				GCC_OPTIMIZATION_LEVEL = 0;
				GCC_PREPROCESSOR_DEFINITIONS = (
					"DEBUG=1",
					"$(inherited)",
				);
				GCC_SYMBOLS_PRIVATE_EXTERN = NO;
				GCC_WARN_64_TO_32_BIT_CONVERSION = YES;
				GCC_WARN_ABOUT_RETURN_TYPE = YES_ERROR;
				GCC_WARN_UNDECLARED_SELECTOR = YES;
				GCC_WARN_UNINITIALIZED_AUTOS = YES_AGGRESSIVE;
				GCC_WARN_UNUSED_FUNCTION = YES;
				GCC_WARN_UNUSED_VARIABLE = YES;
				MACOSX_DEPLOYMENT_TARGET = 10.10;
				MTL_ENABLE_DEBUG_INFO = YES;
				ONLY_ACTIVE_ARCH = YES;
				SDKROOT = macosx;
			};
			name = Debug;
		};
		6841F2571AF98CE600CFE60E /* Release */ = {
			isa = XCBuildConfiguration;
			baseConfigurationReference = 6841F27B1AF990C300CFE60E /* Release.xcconfig */;
			buildSettings = {
				ALWAYS_SEARCH_USER_PATHS = NO;
				CLANG_CXX_LANGUAGE_STANDARD = "gnu++0x";
				CLANG_CXX_LIBRARY = "libc++";
				CLANG_ENABLE_MODULES = YES;
				CLANG_ENABLE_OBJC_ARC = YES;
				CLANG_WARN_BOOL_CONVERSION = YES;
				CLANG_WARN_CONSTANT_CONVERSION = YES;
				CLANG_WARN_DIRECT_OBJC_ISA_USAGE = YES_ERROR;
				CLANG_WARN_EMPTY_BODY = YES;
				CLANG_WARN_ENUM_CONVERSION = YES;
				CLANG_WARN_INT_CONVERSION = YES;
				CLANG_WARN_OBJC_ROOT_CLASS = YES_ERROR;
				CLANG_WARN_UNREACHABLE_CODE = YES;
				CLANG_WARN__DUPLICATE_METHOD_MATCH = YES;
				CODE_SIGN_IDENTITY = "-";
				COPY_PHASE_STRIP = NO;
				DEBUG_INFORMATION_FORMAT = "dwarf-with-dsym";
				ENABLE_NS_ASSERTIONS = NO;
				ENABLE_STRICT_OBJC_MSGSEND = YES;
				GCC_C_LANGUAGE_STANDARD = gnu99;
				GCC_NO_COMMON_BLOCKS = YES;
				GCC_WARN_64_TO_32_BIT_CONVERSION = YES;
				GCC_WARN_ABOUT_RETURN_TYPE = YES_ERROR;
				GCC_WARN_UNDECLARED_SELECTOR = YES;
				GCC_WARN_UNINITIALIZED_AUTOS = YES_AGGRESSIVE;
				GCC_WARN_UNUSED_FUNCTION = YES;
				GCC_WARN_UNUSED_VARIABLE = YES;
				MACOSX_DEPLOYMENT_TARGET = 10.10;
				MTL_ENABLE_DEBUG_INFO = NO;
				SDKROOT = macosx;
			};
			name = Release;
		};
		6841F2591AF98CE600CFE60E /* Debug */ = {
			isa = XCBuildConfiguration;
			buildSettings = {
				ASSETCATALOG_COMPILER_APPICON_NAME = AppIcon;
				COMBINE_HIDPI_IMAGES = YES;
				INFOPLIST_FILE = XcodeCapp/Info.plist;
				LD_RUNPATH_SEARCH_PATHS = "$(inherited) @executable_path/../Frameworks";
				MACOSX_DEPLOYMENT_TARGET = 10.7;
				PRODUCT_NAME = "$(TARGET_NAME)";
			};
			name = Debug;
		};
		6841F25A1AF98CE600CFE60E /* Release */ = {
			isa = XCBuildConfiguration;
			buildSettings = {
				ASSETCATALOG_COMPILER_APPICON_NAME = AppIcon;
				COMBINE_HIDPI_IMAGES = YES;
				INFOPLIST_FILE = XcodeCapp/Info.plist;
				LD_RUNPATH_SEARCH_PATHS = "$(inherited) @executable_path/../Frameworks";
				MACOSX_DEPLOYMENT_TARGET = 10.7;
				PRODUCT_NAME = "$(TARGET_NAME)";
			};
			name = Release;
		};
		6841F25C1AF98CE600CFE60E /* Debug */ = {
			isa = XCBuildConfiguration;
			buildSettings = {
				BUNDLE_LOADER = "$(TEST_HOST)";
				COMBINE_HIDPI_IMAGES = YES;
				FRAMEWORK_SEARCH_PATHS = (
					"$(DEVELOPER_FRAMEWORKS_DIR)",
					"$(inherited)",
				);
				GCC_PREPROCESSOR_DEFINITIONS = (
					"DEBUG=1",
					"$(inherited)",
				);
				INFOPLIST_FILE = XcodeCappTests/Info.plist;
				LD_RUNPATH_SEARCH_PATHS = "$(inherited) @executable_path/../Frameworks @loader_path/../Frameworks";
				PRODUCT_NAME = "$(TARGET_NAME)";
				TEST_HOST = "$(BUILT_PRODUCTS_DIR)/XcodeCapp.app/Contents/MacOS/XcodeCapp";
			};
			name = Debug;
		};
		6841F25D1AF98CE600CFE60E /* Release */ = {
			isa = XCBuildConfiguration;
			buildSettings = {
				BUNDLE_LOADER = "$(TEST_HOST)";
				COMBINE_HIDPI_IMAGES = YES;
				FRAMEWORK_SEARCH_PATHS = (
					"$(DEVELOPER_FRAMEWORKS_DIR)",
					"$(inherited)",
				);
				INFOPLIST_FILE = XcodeCappTests/Info.plist;
				LD_RUNPATH_SEARCH_PATHS = "$(inherited) @executable_path/../Frameworks @loader_path/../Frameworks";
				PRODUCT_NAME = "$(TARGET_NAME)";
				TEST_HOST = "$(BUILT_PRODUCTS_DIR)/XcodeCapp.app/Contents/MacOS/XcodeCapp";
			};
			name = Release;
		};
/* End XCBuildConfiguration section */

/* Begin XCConfigurationList section */
		6841F2361AF98CE600CFE60E /* Build configuration list for PBXProject "XcodeCapp" */ = {
			isa = XCConfigurationList;
			buildConfigurations = (
				6841F2561AF98CE600CFE60E /* Debug */,
				6841F2571AF98CE600CFE60E /* Release */,
			);
			defaultConfigurationIsVisible = 0;
			defaultConfigurationName = Release;
		};
		6841F2581AF98CE600CFE60E /* Build configuration list for PBXNativeTarget "XcodeCapp" */ = {
			isa = XCConfigurationList;
			buildConfigurations = (
				6841F2591AF98CE600CFE60E /* Debug */,
				6841F25A1AF98CE600CFE60E /* Release */,
			);
			defaultConfigurationIsVisible = 0;
			defaultConfigurationName = Release;
		};
		6841F25B1AF98CE600CFE60E /* Build configuration list for PBXNativeTarget "XcodeCappTests" */ = {
			isa = XCConfigurationList;
			buildConfigurations = (
				6841F25C1AF98CE600CFE60E /* Debug */,
				6841F25D1AF98CE600CFE60E /* Release */,
			);
			defaultConfigurationIsVisible = 0;
			defaultConfigurationName = Release;
		};
/* End XCConfigurationList section */
	};
	rootObject = 6841F2331AF98CE600CFE60E /* Project object */;
}
